
Microsoft Visual Studio Solution File, Format Version 12.00
# Visual Studio Version 17
VisualStudioVersion = 17.4.33213.308
MinimumVisualStudioVersion = 10.0.40219.1
Project("{FAE04EC0-301F-11D3-BF4B-00C04F79EFBC}") = "modul5_1302200003", "modul5_1302200003\modul5_1302200003.csproj", "{A443EBD6-E79F-445A-A1E9-718EF624CE5A}"
EndProject
Global
	GlobalSection(SolutionConfigurationPlatforms) = preSolution
		Debug|Any CPU = Debug|Any CPU
		Release|Any CPU = Release|Any CPU
	EndGlobalSection
	GlobalSection(ProjectConfigurationPlatforms) = postSolution
		{A443EBD6-E79F-445A-A1E9-718EF624CE5A}.Debug|Any CPU.ActiveCfg = Debug|Any CPU
		{A443EBD6-E79F-445A-A1E9-718EF624CE5A}.Debug|Any CPU.Build.0 = Debug|Any CPU
		{A443EBD6-E79F-445A-A1E9-718EF624CE5A}.Release|Any CPU.ActiveCfg = Release|Any CPU
		{A443EBD6-E79F-445A-A1E9-718EF624CE5A}.Release|Any CPU.Build.0 = Release|Any CPU
	EndGlobalSection
	GlobalSection(SolutionProperties) = preSolution
		HideSolutionNode = FALSE
	EndGlobalSection
	GlobalSection(ExtensibilityGlobals) = postSolution
		SolutionGuid = {2660285C-A4CB-43E4-AA8A-295237E83B0B}
	EndGlobalSection
EndGlobal
